{
  "lockfile_version": "1",
  "packages": {
    "claude-code@latest": {
      "last_modified": "2025-11-23T21:50:36Z",
      "resolved": "github:NixOS/nixpkgs/ee09932cedcef15aaf476f9343d1dea2cb77e261#claude-code",
      "source": "devbox-search",
      "version": "2.0.50",
      "systems": {
        "aarch64-darwin": {
          "outputs": [
            {
              "name": "out",
              "path": "/nix/store/pm2kgjvn7h9p8mh0b0wz3lr3fkfh618p-claude-code-2.0.50",
              "default": true
            }
          ],
          "store_path": "/nix/store/pm2kgjvn7h9p8mh0b0wz3lr3fkfh618p-claude-code-2.0.50"
        },
        "aarch64-linux": {
          "outputs": [
            {
              "name": "out",
              "path": "/nix/store/p1zsrlkynidcyaw0b178i75h944qf3qc-claude-code-2.0.50",
              "default": true
            }
          ],
          "store_path": "/nix/store/p1zsrlkynidcyaw0b178i75h944qf3qc-claude-code-2.0.50"
        },
        "x86_64-darwin": {
          "outputs": [
            {
              "name": "out",
              "path": "/nix/store/lnzkjf61jy8p9k7ilx8v6cwd5i3hc4kk-claude-code-2.0.50",
              "default": true
            }
          ],
          "store_path": "/nix/store/lnzkjf61jy8p9k7ilx8v6cwd5i3hc4kk-claude-code-2.0.50"
        },
        "x86_64-linux": {
          "outputs": [
            {
              "name": "out",
              "path": "/nix/store/fpf7ymzasxlnxlj211vqnv818xhqf1ni-claude-code-2.0.50",
              "default": true
            }
          ],
          "store_path": "/nix/store/fpf7ymzasxlnxlj211vqnv818xhqf1ni-claude-code-2.0.50"
        }
      }
    },
    "github:NixOS/nixpkgs/nixpkgs-unstable": {
      "last_modified": "2025-11-16T17:00:02Z",
      "resolved": "github:NixOS/nixpkgs/85a6c4a07faa12aaccd81b36ba9bfc2bec974fa1?lastModified=1763312402&narHash=sha256-3YJkOBrFpmcusnh7i8GXXEyh7qZG%2F8F5z5%2B717550Hk%3D"
    },
    "go-task@latest": {
      "last_modified": "2025-11-23T21:50:36Z",
      "resolved": "github:NixOS/nixpkgs/ee09932cedcef15aaf476f9343d1dea2cb77e261#go-task",
      "source": "devbox-search",
      "version": "3.45.5",
      "systems": {
        "aarch64-darwin": {
          "outputs": [
            {
              "name": "out",
              "path": "/nix/store/hq2nfh8sndri3x4z4k1j9g9wk6l0kp5q-go-task-3.45.5",
              "default": true
            }
          ],
          "store_path": "/nix/store/hq2nfh8sndri3x4z4k1j9g9wk6l0kp5q-go-task-3.45.5"
        },
        "aarch64-linux": {
          "outputs": [
            {
              "name": "out",
              "path": "/nix/store/4ac3xjjbvapdifhzqn3cj012b685bysi-go-task-3.45.5",
              "default": true
            }
          ],
          "store_path": "/nix/store/4ac3xjjbvapdifhzqn3cj012b685bysi-go-task-3.45.5"
        },
        "x86_64-darwin": {
          "outputs": [
            {
              "name": "out",
              "path": "/nix/store/57gnc0hahiawf2dmiiy6z6kxmaq2a41m-go-task-3.45.5",
              "default": true
            }
          ],
          "store_path": "/nix/store/57gnc0hahiawf2dmiiy6z6kxmaq2a41m-go-task-3.45.5"
        },
        "x86_64-linux": {
          "outputs": [
            {
              "name": "out",
              "path": "/nix/store/8j7jr4fpjlmbcyb1crr8gy00z8d768vm-go-task-3.45.5",
              "default": true
            }
          ],
          "store_path": "/nix/store/8j7jr4fpjlmbcyb1crr8gy00z8d768vm-go-task-3.45.5"
        }
      }
    },
    "go@latest": {
      "last_modified": "2025-11-23T21:50:36Z",
      "resolved": "github:NixOS/nixpkgs/ee09932cedcef15aaf476f9343d1dea2cb77e261#go",
      "source": "devbox-search",
      "version": "1.25.4",
      "systems": {
        "aarch64-darwin": {
          "outputs": [
            {
              "name": "out",
              "path": "/nix/store/52f5kjcmgmvgrz3rij676b3rjmgg5l5g-go-1.25.4",
              "default": true
            }
          ],
          "store_path": "/nix/store/52f5kjcmgmvgrz3rij676b3rjmgg5l5g-go-1.25.4"
        },
        "aarch64-linux": {
          "outputs": [
            {
              "name": "out",
              "path": "/nix/store/2ajrlmz1qdpm9k9ankhnp3973wxg1gqs-go-1.25.4",
              "default": true
            }
          ],
          "store_path": "/nix/store/2ajrlmz1qdpm9k9ankhnp3973wxg1gqs-go-1.25.4"
        },
        "x86_64-darwin": {
          "outputs": [
            {
              "name": "out",
              "path": "/nix/store/1rqpvp45rl4sr1l0czrlbmv8jqj9sa7r-go-1.25.4",
              "default": true
            }
          ],
          "store_path": "/nix/store/1rqpvp45rl4sr1l0czrlbmv8jqj9sa7r-go-1.25.4"
        },
        "x86_64-linux": {
          "outputs": [
            {
              "name": "out",
              "path": "/nix/store/0a3dyfq09dnkw28ap2i450wjimvdmv6s-go-1.25.4",
              "default": true
            }
          ],
          "store_path": "/nix/store/0a3dyfq09dnkw28ap2i450wjimvdmv6s-go-1.25.4"
        }
      }
    },
    "golangci-lint@latest": {
      "last_modified": "2025-11-23T21:50:36Z",
      "resolved": "github:NixOS/nixpkgs/ee09932cedcef15aaf476f9343d1dea2cb77e261#golangci-lint",
      "source": "devbox-search",
      "version": "2.6.2",
      "systems": {
        "aarch64-darwin": {
          "outputs": [
            {
              "name": "out",
              "path": "/nix/store/yvnfabxmnwmig8ralc22has0kpk7gbkn-golangci-lint-2.6.2",
              "default": true
            }
          ],
          "store_path": "/nix/store/yvnfabxmnwmig8ralc22has0kpk7gbkn-golangci-lint-2.6.2"
        },
        "aarch64-linux": {
          "outputs": [
            {
              "name": "out",
              "path": "/nix/store/jfhvpym9967m3rf8shlcmlarfbf73cpj-golangci-lint-2.6.2",
              "default": true
            }
          ],
          "store_path": "/nix/store/jfhvpym9967m3rf8shlcmlarfbf73cpj-golangci-lint-2.6.2"
        },
        "x86_64-darwin": {
          "outputs": [
            {
              "name": "out",
              "path": "/nix/store/bg84ksi4vm63c7m39yj6y1ga9n64n3mp-golangci-lint-2.6.2",
              "default": true
            }
          ],
          "store_path": "/nix/store/bg84ksi4vm63c7m39yj6y1ga9n64n3mp-golangci-lint-2.6.2"
        },
        "x86_64-linux": {
          "outputs": [
            {
              "name": "out",
              "path": "/nix/store/3kn873p4cpk0yhz7y0qvwpnn1h885a40-golangci-lint-2.6.2",
              "default": true
            }
          ],
          "store_path": "/nix/store/3kn873p4cpk0yhz7y0qvwpnn1h885a40-golangci-lint-2.6.2"
        }
      }
    },
    "gosec@latest": {
      "last_modified": "2025-11-23T21:50:36Z",
      "resolved": "github:NixOS/nixpkgs/ee09932cedcef15aaf476f9343d1dea2cb77e261#gosec",
      "source": "devbox-search",
      "version": "2.22.10",
      "systems": {
        "aarch64-darwin": {
          "outputs": [
            {
              "name": "out",
              "path": "/nix/store/rkhspasf4rz7ypbhxyjy0v4rzqc00l9a-gosec-2.22.10",
              "default": true
            }
          ],
          "store_path": "/nix/store/rkhspasf4rz7ypbhxyjy0v4rzqc00l9a-gosec-2.22.10"
        },
        "aarch64-linux": {
          "outputs": [
            {
              "name": "out",
              "path": "/nix/store/hkhbzaxjr76cis6lksr0whfzp2gff3jl-gosec-2.22.10",
              "default": true
            }
          ],
          "store_path": "/nix/store/hkhbzaxjr76cis6lksr0whfzp2gff3jl-gosec-2.22.10"
        },
        "x86_64-darwin": {
          "outputs": [
            {
              "name": "out",
              "path": "/nix/store/vja735idmkscqk7s6156lkl13q7wwvx4-gosec-2.22.10",
              "default": true
            }
          ],
          "store_path": "/nix/store/vja735idmkscqk7s6156lkl13q7wwvx4-gosec-2.22.10"
        },
        "x86_64-linux": {
          "outputs": [
            {
              "name": "out",
              "path": "/nix/store/8j1b89yc7ni74xwfbv44z7zczy3yqrms-gosec-2.22.10",
              "default": true
            }
          ],
          "store_path": "/nix/store/8j1b89yc7ni74xwfbv44z7zczy3yqrms-gosec-2.22.10"
        }
      }
    }
  }
}
